<?xml version="1.0" encoding="utf-8"?>
<Project ToolsVersion="4.0" xmlns="http://schemas.microsoft.com/developer/msbuild/2003">
  <ItemGroup>
    <Filter Include="Source Files">
      <UniqueIdentifier>{4FC737F1-C7A5-4376-A066-2A32D752A2FF}</UniqueIdentifier>
      <Extensions>cpp;c;cc;cxx;def;odl;idl;hpj;bat;asm;asmx</Extensions>
    </Filter>
    <Filter Include="Header Files">
      <UniqueIdentifier>{93995380-89BD-4b04-88EB-625FBE52EBFB}</UniqueIdentifier>
      <Extensions>h;hh;hpp;hxx;hm;inl;inc;xsd</Extensions>
    </Filter>
    <Filter Include="Resource Files">
      <UniqueIdentifier>{67DA6AB6-F800-4c08-8B7A-83BB121AAD01}</UniqueIdentifier>
      <Extensions>rc;ico;cur;bmp;dlg;rc2;rct;bin;rgs;gif;jpg;jpeg;jpe;resx;tiff;tif;png;wav;mfcribbon-ms</Extensions>
    </Filter>
  </ItemGroup>
  <ItemGroup>
    <ClCompile Include="Runaway\source\Camera.cpp">
      <Filter>Source Files</Filter>
    </ClCompile>
    <ClCompile Include="Runaway\source\DataManager.cpp">
      <Filter>Source Files</Filter>
    </ClCompile>
    <ClCompile Include="Runaway\source\MenuStack.cpp">
      <Filter>Source Files</Filter>
    </ClCompile>
    <ClCompile Include="Runaway\source\Source.cpp">
      <Filter>Source Files</Filter>
    </ClCompile>
    <ClCompile Include="Runaway\source\Tile.cpp">
      <Filter>Source Files</Filter>
    </ClCompile>
    <ClCompile Include="Runaway\source\Level.cpp">
      <Filter>Source Files</Filter>
    </ClCompile>
    <ClCompile Include="Runaway\source\Config.cpp">
      <Filter>Source Files</Filter>
    </ClCompile>
    <ClCompile Include="Runaway\source\objects\BackgroundObject.cpp">
      <Filter>Source Files</Filter>
    </ClCompile>
    <ClCompile Include="Runaway\source\objects\Object.cpp">
      <Filter>Source Files</Filter>
    </ClCompile>
    <ClCompile Include="Runaway\source\objects\TextButtonObject.cpp">
      <Filter>Source Files</Filter>
    </ClCompile>
    <ClCompile Include="Runaway\source\objects\TextObject.cpp">
      <Filter>Source Files</Filter>
    </ClCompile>
    <ClCompile Include="Runaway\source\menus\GameMenu.cpp">
      <Filter>Source Files</Filter>
    </ClCompile>
    <ClCompile Include="Runaway\source\menus\MainMenu.cpp">
      <Filter>Source Files</Filter>
    </ClCompile>
    <ClCompile Include="Runaway\source\menus\Menu.cpp">
      <Filter>Source Files</Filter>
    </ClCompile>
    <ClCompile Include="Runaway\source\menus\OptionsMenu.cpp">
      <Filter>Source Files</Filter>
    </ClCompile>
  </ItemGroup>
  <ItemGroup>
    <ClInclude Include="Runaway\source\Camera.h">
      <Filter>Header Files</Filter>
    </ClInclude>
    <ClInclude Include="Runaway\source\DataManager.h">
      <Filter>Header Files</Filter>
    </ClInclude>
    <ClInclude Include="Runaway\source\MenuStack.h">
      <Filter>Header Files</Filter>
    </ClInclude>
    <ClInclude Include="Runaway\source\rapidxml.hpp">
      <Filter>Header Files</Filter>
    </ClInclude>
    <ClInclude Include="Runaway\source\Tile.h">
      <Filter>Header Files</Filter>
    </ClInclude>
    <ClInclude Include="Runaway\source\Level.h">
      <Filter>Header Files</Filter>
    </ClInclude>
    <ClInclude Include="Runaway\source\Config.h">
      <Filter>Header Files</Filter>
    </ClInclude>
    <ClInclude Include="Runaway\source\rapidxml_print.hpp">
      <Filter>Header Files</Filter>
    </ClInclude>
    <ClInclude Include="Runaway\source\objects\BackgroundObject.h">
      <Filter>Header Files</Filter>
    </ClInclude>
    <ClInclude Include="Runaway\source\objects\Object.h">
      <Filter>Header Files</Filter>
    </ClInclude>
    <ClInclude Include="Runaway\source\objects\TextButtonObject.h">
      <Filter>Header Files</Filter>
    </ClInclude>
    <ClInclude Include="Runaway\source\objects\TextObject.h">
      <Filter>Header Files</Filter>
    </ClInclude>
    <ClInclude Include="Runaway\source\menus\GameMenu.h">
      <Filter>Header Files</Filter>
    </ClInclude>
    <ClInclude Include="Runaway\source\menus\MainMenu.h">
      <Filter>Header Files</Filter>
    </ClInclude>
    <ClInclude Include="Runaway\source\menus\Menu.h">
      <Filter>Header Files</Filter>
    </ClInclude>
    <ClInclude Include="Runaway\source\menus\OptionsMenu.h">
      <Filter>Header Files</Filter>
    </ClInclude>
  </ItemGroup>
</Project>